
Microsoft Visual Studio Solution File, Format Version 12.00
# Visual Studio 15
VisualStudioVersion = 15.0.27130.2027
MinimumVisualStudioVersion = 10.0.40219.1
Project("{FAE04EC0-301F-11D3-BF4B-00C04F79EFBC}") = "RevpoCalc", "RevpoCalc\RevpoCalc.csproj", "{A0216324-8B13-4BE0-BBEF-AC6F356A46A1}"
EndProject
Global
	GlobalSection(SolutionConfigurationPlatforms) = preSolution
		Debug|Any CPU = Debug|Any CPU
		Release|Any CPU = Release|Any CPU
	EndGlobalSection
	GlobalSection(ProjectConfigurationPlatforms) = postSolution
		{A0216324-8B13-4BE0-BBEF-AC6F356A46A1}.Debug|Any CPU.ActiveCfg = Debug|Any CPU
		{A0216324-8B13-4BE0-BBEF-AC6F356A46A1}.Debug|Any CPU.Build.0 = Debug|Any CPU
		{A0216324-8B13-4BE0-BBEF-AC6F356A46A1}.Release|Any CPU.ActiveCfg = Release|Any CPU
		{A0216324-8B13-4BE0-BBEF-AC6F356A46A1}.Release|Any CPU.Build.0 = Release|Any CPU
	EndGlobalSection
	GlobalSection(SolutionProperties) = preSolution
		HideSolutionNode = FALSE
	EndGlobalSection
	GlobalSection(ExtensibilityGlobals) = postSolution
		SolutionGuid = {A8E876AD-715B-4359-B9DC-48E9194C35F2}
	EndGlobalSection
EndGlobal
